
Microsoft Visual Studio Solution File, Format Version 12.00
# Visual Studio Version 17
VisualStudioVersion = 17.5.002.0
MinimumVisualStudioVersion = 10.0.40219.1
Project("{2150E333-8FDC-42A3-9474-1A3956D46DE8}") = "src", "src", "{A30859C3-1757-41F7-90E5-BE4212A188FB}"
EndProject
Project("{9A19103F-16F7-4668-BE54-9A1E7A4F7556}") = "careadviser.api", "src\careadviser.api\careadviser.api.csproj", "{BFBFB8E2-21BF-4A57-ADAF-5095CE0AB332}"
EndProject
Project("{9A19103F-16F7-4668-BE54-9A1E7A4F7556}") = "careadviser.mvc", "src\careadviser.mvc\careadviser.mvc.csproj", "{559CC09C-C7F1-48BC-A88F-D042E3627EB1}"
EndProject
Global
	GlobalSection(SolutionConfigurationPlatforms) = preSolution
		Debug|Any CPU = Debug|Any CPU
		Release|Any CPU = Release|Any CPU
	EndGlobalSection
	GlobalSection(ProjectConfigurationPlatforms) = postSolution
		{BFBFB8E2-21BF-4A57-ADAF-5095CE0AB332}.Debug|Any CPU.ActiveCfg = Debug|Any CPU
		{BFBFB8E2-21BF-4A57-ADAF-5095CE0AB332}.Debug|Any CPU.Build.0 = Debug|Any CPU
		{BFBFB8E2-21BF-4A57-ADAF-5095CE0AB332}.Release|Any CPU.ActiveCfg = Release|Any CPU
		{BFBFB8E2-21BF-4A57-ADAF-5095CE0AB332}.Release|Any CPU.Build.0 = Release|Any CPU
		{559CC09C-C7F1-48BC-A88F-D042E3627EB1}.Debug|Any CPU.ActiveCfg = Debug|Any CPU
		{559CC09C-C7F1-48BC-A88F-D042E3627EB1}.Debug|Any CPU.Build.0 = Debug|Any CPU
		{559CC09C-C7F1-48BC-A88F-D042E3627EB1}.Release|Any CPU.ActiveCfg = Release|Any CPU
		{559CC09C-C7F1-48BC-A88F-D042E3627EB1}.Release|Any CPU.Build.0 = Release|Any CPU
	EndGlobalSection
	GlobalSection(SolutionProperties) = preSolution
		HideSolutionNode = FALSE
	EndGlobalSection
	GlobalSection(NestedProjects) = preSolution
		{BFBFB8E2-21BF-4A57-ADAF-5095CE0AB332} = {A30859C3-1757-41F7-90E5-BE4212A188FB}
		{559CC09C-C7F1-48BC-A88F-D042E3627EB1} = {A30859C3-1757-41F7-90E5-BE4212A188FB}
	EndGlobalSection
	GlobalSection(ExtensibilityGlobals) = postSolution
		SolutionGuid = {C74A57B1-A047-49EF-95FC-A3089B08B727}
	EndGlobalSection
EndGlobal
